lockfileVersion: '9.0'

settings:
  autoInstallPeers: true
  excludeLinksFromLockfile: false

overrides:
  '@shina1024/jqx-adapter-core': file:../adapter-core

importers:

  .:
    dependencies:
      '@shina1024/jqx-adapter-core':
        specifier: file:../adapter-core
        version: file:../adapter-core
    devDependencies:
      '@types/node':
        specifier: ^25.4.0
        version: 25.4.0
      '@typescript/native-preview':
        specifier: 7.0.0-dev.20260313.1
        version: 7.0.0-dev.20260313.1
      expect-type:
        specifier: ^1.3.0
        version: 1.3.0
      oxfmt:
        specifier: ^0.41.0
        version: 0.41.0
      oxlint:
        specifier: ^1.54.0
        version: 1.54.0(oxlint-tsgolint@0.17.0)
      oxlint-tsgolint:
        specifier: ^0.17.0
        version: 0.17.0
      rolldown:
        specifier: 1.0.0-rc.10
        version: 1.0.0-rc.10
      tsx:
        specifier: ^4.21.0
        version: 4.21.0
      valibot:
        specifier: ^1.2.0
        version: 1.2.0(typescript@5.9.3)

packages:

  '@emnapi/core@1.9.0':
    resolution: {integrity: sha512-0DQ98G9ZQZOxfUcQn1waV2yS8aWdZ6kJMbYCJB3oUBecjWYO1fqJ+a1DRfPF3O5JEkwqwP1A9QEN/9mYm2Yd0w==}

  '@emnapi/runtime@1.9.0':
    resolution: {integrity: sha512-QN75eB0IH2ywSpRpNddCRfQIhmJYBCJ1x5Lb3IscKAL8bMnVAKnRg8dCoXbHzVLLH7P38N2Z3mtulB7W0J0FKw==}

  '@emnapi/wasi-threads@1.2.0':
    resolution: {integrity: sha512-N10dEJNSsUx41Z6pZsXU8FjPjpBEplgH24sfkmITrBED1/U2Esum9F3lfLrMjKHHjmi557zQn7kR9R+XWXu5Rg==}

  '@esbuild/aix-ppc64@0.27.4':
    resolution: {integrity: sha512-cQPwL2mp2nSmHHJlCyoXgHGhbEPMrEEU5xhkcy3Hs/O7nGZqEpZ2sUtLaL9MORLtDfRvVl2/3PAuEkYZH0Ty8Q==}
    engines: {node: '>=18'}
    cpu: [ppc64]
    os: [aix]

  '@esbuild/android-arm64@0.27.4':
    resolution: {integrity: sha512-gdLscB7v75wRfu7QSm/zg6Rx29VLdy9eTr2t44sfTW7CxwAtQghZ4ZnqHk3/ogz7xao0QAgrkradbBzcqFPasw==}
    engines: {node: '>=18'}
    cpu: [arm64]
    os: [android]

  '@esbuild/android-arm@0.27.4':
    resolution: {integrity: sha512-X9bUgvxiC8CHAGKYufLIHGXPJWnr0OCdR0anD2e21vdvgCI8lIfqFbnoeOz7lBjdrAGUhqLZLcQo6MLhTO2DKQ==}
    engines: {node: '>=18'}
    cpu: [arm]
    os: [android]

  '@esbuild/android-x64@0.27.4':
    resolution: {integrity: sha512-PzPFnBNVF292sfpfhiyiXCGSn9HZg5BcAz+ivBuSsl6Rk4ga1oEXAamhOXRFyMcjwr2DVtm40G65N3GLeH1Lvw==}
    engines: {node: '>=18'}
    cpu: [x64]
    os: [android]

  '@esbuild/darwin-arm64@0.27.4':
    resolution: {integrity: sha512-b7xaGIwdJlht8ZFCvMkpDN6uiSmnxxK56N2GDTMYPr2/gzvfdQN8rTfBsvVKmIVY/X7EM+/hJKEIbbHs9oA4tQ==}
    engines: {node: '>=18'}
    cpu: [arm64]
    os: [darwin]

  '@esbuild/darwin-x64@0.27.4':
    resolution: {integrity: sha512-sR+OiKLwd15nmCdqpXMnuJ9W2kpy0KigzqScqHI3Hqwr7IXxBp3Yva+yJwoqh7rE8V77tdoheRYataNKL4QrPw==}
    engines: {node: '>=18'}
    cpu: [x64]
    os: [darwin]

  '@esbuild/freebsd-arm64@0.27.4':
    resolution: {integrity: sha512-jnfpKe+p79tCnm4GVav68A7tUFeKQwQyLgESwEAUzyxk/TJr4QdGog9sqWNcUbr/bZt/O/HXouspuQDd9JxFSw==}
    engines: {node: '>=18'}
    cpu: [arm64]
    os: [freebsd]

  '@esbuild/freebsd-x64@0.27.4':
    resolution: {integrity: sha512-2kb4ceA/CpfUrIcTUl1wrP/9ad9Atrp5J94Lq69w7UwOMolPIGrfLSvAKJp0RTvkPPyn6CIWrNy13kyLikZRZQ==}
    engines: {node: '>=18'}
    cpu: [x64]
    os: [freebsd]

  '@esbuild/linux-arm64@0.27.4':
    resolution: {integrity: sha512-7nQOttdzVGth1iz57kxg9uCz57dxQLHWxopL6mYuYthohPKEK0vU0C3O21CcBK6KDlkYVcnDXY099HcCDXd9dA==}
    engines: {node: '>=18'}
    cpu: [arm64]
    os: [linux]

  '@esbuild/linux-arm@0.27.4':
    resolution: {integrity: sha512-aBYgcIxX/wd5n2ys0yESGeYMGF+pv6g0DhZr3G1ZG4jMfruU9Tl1i2Z+Wnj9/KjGz1lTLCcorqE2viePZqj4Eg==}
    engines: {node: '>=18'}
    cpu: [arm]
    os: [linux]

  '@esbuild/linux-ia32@0.27.4':
    resolution: {integrity: sha512-oPtixtAIzgvzYcKBQM/qZ3R+9TEUd1aNJQu0HhGyqtx6oS7qTpvjheIWBbes4+qu1bNlo2V4cbkISr8q6gRBFA==}
    engines: {node: '>=18'}
    cpu: [ia32]
    os: [linux]

  '@esbuild/linux-loong64@0.27.4':
    resolution: {integrity: sha512-8mL/vh8qeCoRcFH2nM8wm5uJP+ZcVYGGayMavi8GmRJjuI3g1v6Z7Ni0JJKAJW+m0EtUuARb6Lmp4hMjzCBWzA==}
    engines: {node: '>=18'}
    cpu: [loong64]
    os: [linux]

  '@esbuild/linux-mips64el@0.27.4':
    resolution: {integrity: sha512-1RdrWFFiiLIW7LQq9Q2NES+HiD4NyT8Itj9AUeCl0IVCA459WnPhREKgwrpaIfTOe+/2rdntisegiPWn/r/aAw==}
    engines: {node: '>=18'}
    cpu: [mips64el]
    os: [linux]

  '@esbuild/linux-ppc64@0.27.4':
    resolution: {integrity: sha512-tLCwNG47l3sd9lpfyx9LAGEGItCUeRCWeAx6x2Jmbav65nAwoPXfewtAdtbtit/pJFLUWOhpv0FpS6GQAmPrHA==}
    engines: {node: '>=18'}
    cpu: [ppc64]
    os: [linux]

  '@esbuild/linux-riscv64@0.27.4':
    resolution: {integrity: sha512-BnASypppbUWyqjd1KIpU4AUBiIhVr6YlHx/cnPgqEkNoVOhHg+YiSVxM1RLfiy4t9cAulbRGTNCKOcqHrEQLIw==}
    engines: {node: '>=18'}
    cpu: [riscv64]
    os: [linux]

  '@esbuild/linux-s390x@0.27.4':
    resolution: {integrity: sha512-+eUqgb/Z7vxVLezG8bVB9SfBie89gMueS+I0xYh2tJdw3vqA/0ImZJ2ROeWwVJN59ihBeZ7Tu92dF/5dy5FttA==}
    engines: {node: '>=18'}
    cpu: [s390x]
    os: [linux]

  '@esbuild/linux-x64@0.27.4':
    resolution: {integrity: sha512-S5qOXrKV8BQEzJPVxAwnryi2+Iq5pB40gTEIT69BQONqR7JH1EPIcQ/Uiv9mCnn05jff9umq/5nqzxlqTOg9NA==}
    engines: {node: '>=18'}
    cpu: [x64]
    os: [linux]

  '@esbuild/netbsd-arm64@0.27.4':
    resolution: {integrity: sha512-xHT8X4sb0GS8qTqiwzHqpY00C95DPAq7nAwX35Ie/s+LO9830hrMd3oX0ZMKLvy7vsonee73x0lmcdOVXFzd6Q==}
    engines: {node: '>=18'}
    cpu: [arm64]
    os: [netbsd]

  '@esbuild/netbsd-x64@0.27.4':
    resolution: {integrity: sha512-RugOvOdXfdyi5Tyv40kgQnI0byv66BFgAqjdgtAKqHoZTbTF2QqfQrFwa7cHEORJf6X2ht+l9ABLMP0dnKYsgg==}
    engines: {node: '>=18'}
    cpu: [x64]
    os: [netbsd]

  '@esbuild/openbsd-arm64@0.27.4':
    resolution: {integrity: sha512-2MyL3IAaTX+1/qP0O1SwskwcwCoOI4kV2IBX1xYnDDqthmq5ArrW94qSIKCAuRraMgPOmG0RDTA74mzYNQA9ow==}
    engines: {node: '>=18'}
    cpu: [arm64]
    os: [openbsd]

  '@esbuild/openbsd-x64@0.27.4':
    resolution: {integrity: sha512-u8fg/jQ5aQDfsnIV6+KwLOf1CmJnfu1ShpwqdwC0uA7ZPwFws55Ngc12vBdeUdnuWoQYx/SOQLGDcdlfXhYmXQ==}
    engines: {node: '>=18'}
    cpu: [x64]
    os: [openbsd]

  '@esbuild/openharmony-arm64@0.27.4':
    resolution: {integrity: sha512-JkTZrl6VbyO8lDQO3yv26nNr2RM2yZzNrNHEsj9bm6dOwwu9OYN28CjzZkH57bh4w0I2F7IodpQvUAEd1mbWXg==}
    engines: {node: '>=18'}
    cpu: [arm64]
    os: [openharmony]

  '@esbuild/sunos-x64@0.27.4':
    resolution: {integrity: sha512-/gOzgaewZJfeJTlsWhvUEmUG4tWEY2Spp5M20INYRg2ZKl9QPO3QEEgPeRtLjEWSW8FilRNacPOg8R1uaYkA6g==}
    engines: {node: '>=18'}
    cpu: [x64]
    os: [sunos]

  '@esbuild/win32-arm64@0.27.4':
    resolution: {integrity: sha512-Z9SExBg2y32smoDQdf1HRwHRt6vAHLXcxD2uGgO/v2jK7Y718Ix4ndsbNMU/+1Qiem9OiOdaqitioZwxivhXYg==}
    engines: {node: '>=18'}
    cpu: [arm64]
    os: [win32]

  '@esbuild/win32-ia32@0.27.4':
    resolution: {integrity: sha512-DAyGLS0Jz5G5iixEbMHi5KdiApqHBWMGzTtMiJ72ZOLhbu/bzxgAe8Ue8CTS3n3HbIUHQz/L51yMdGMeoxXNJw==}
    engines: {node: '>=18'}
    cpu: [ia32]
    os: [win32]

  '@esbuild/win32-x64@0.27.4':
    resolution: {integrity: sha512-+knoa0BDoeXgkNvvV1vvbZX4+hizelrkwmGJBdT17t8FNPwG2lKemmuMZlmaNQ3ws3DKKCxpb4zRZEIp3UxFCg==}
    engines: {node: '>=18'}
    cpu: [x64]
    os: [win32]

  '@napi-rs/wasm-runtime@1.1.1':
    resolution: {integrity: sha512-p64ah1M1ld8xjWv3qbvFwHiFVWrq1yFvV4f7w+mzaqiR4IlSgkqhcRdHwsGgomwzBH51sRY4NEowLxnaBjcW/A==}

  '@oxc-project/types@0.120.0':
    resolution: {integrity: sha512-k1YNu55DuvAip/MGE1FTsIuU3FUCn6v/ujG9V7Nq5Df/kX2CWb13hhwD0lmJGMGqE+bE1MXvv9SZVnMzEXlWcg==}

  '@oxfmt/binding-android-arm-eabi@0.41.0':
    resolution: {integrity: sha512-REfrqeMKGkfMP+m/ScX4f5jJBSmVNYcpoDF8vP8f8eYPDuPGZmzp56NIUsYmx3h7f6NzC6cE3gqh8GDWrJHCKw==}
    engines: {node: ^20.19.0 || >=22.12.0}
    cpu: [arm]
    os: [android]

  '@oxfmt/binding-android-arm64@0.41.0':
    resolution: {integrity: sha512-s0b1dxNgb2KomspFV2LfogC2XtSJB42POXF4bMCLJyvQmAGos4ZtjGPfQreToQEaY0FQFjz3030ggI36rF1q5g==}
    engines: {node: ^20.19.0 || >=22.12.0}
    cpu: [arm64]
    os: [android]

  '@oxfmt/binding-darwin-arm64@0.41.0':
    resolution: {integrity: sha512-EGXGualADbv/ZmamE7/2DbsrYmjoPlAmHEpTL4vapLF4EfVD6fr8/uQDFnPJkUBjiSWFJZtFNsGeN1B6V3owmA==}
    engines: {node: ^20.19.0 || >=22.12.0}
    cpu: [arm64]
    os: [darwin]

  '@oxfmt/binding-darwin-x64@0.41.0':
    resolution: {integrity: sha512-WxySJEvdQQYMmyvISH3qDpTvoS0ebnIP63IMxLLWowJyPp/AAH0hdWtlo+iGNK5y3eVfa5jZguwNaQkDKWpGSw==}
    engines: {node: ^20.19.0 || >=22.12.0}
    cpu: [x64]
    os: [darwin]

  '@oxfmt/binding-freebsd-x64@0.41.0':
    resolution: {integrity: sha512-Y2kzMkv3U3oyuYaR4wTfGjOTYTXiFC/hXmG0yVASKkbh02BJkvD98Ij8bIevr45hNZ0DmZEgqiXF+9buD4yMYQ==}
    engines: {node: ^20.19.0 || >=22.12.0}
    cpu: [x64]
    os: [freebsd]

  '@oxfmt/binding-linux-arm-gnueabihf@0.41.0':
    resolution: {integrity: sha512-ptazDjdUyhket01IjPTT6ULS1KFuBfTUU97osTP96X5y/0oso+AgAaJzuH81oP0+XXyrWIHbRzozSAuQm4p48g==}
    engines: {node: ^20.19.0 || >=22.12.0}
    cpu: [arm]
    os: [linux]

  '@oxfmt/binding-linux-arm-musleabihf@0.41.0':
    resolution: {integrity: sha512-UkoL2OKxFD+56bPEBcdGn+4juTW4HRv/T6w1dIDLnvKKWr6DbarB/mtHXlADKlFiJubJz8pRkttOR7qjYR6lTA==}
    engines: {node: ^20.19.0 || >=22.12.0}
    cpu: [arm]
    os: [linux]

  '@oxfmt/binding-linux-arm64-gnu@0.41.0':
    resolution: {integrity: sha512-gofu0PuumSOHYczD8p62CPY4UF6ee+rSLZJdUXkpwxg6pILiwSDBIouPskjF/5nF3A7QZTz2O9KFNkNxxFN9tA==}
    engines: {node: ^20.19.0 || >=22.12.0}
    cpu: [arm64]
    os: [linux]

  '@oxfmt/binding-linux-arm64-musl@0.41.0':
    resolution: {integrity: sha512-VfVZxL0+6RU86T8F8vKiDBa+iHsr8PAjQmKGBzSCAX70b6x+UOMFl+2dNihmKmUwqkCazCPfYjt6SuAPOeQJ3g==}
    engines: {node: ^20.19.0 || >=22.12.0}
    cpu: [arm64]
    os: [linux]

  '@oxfmt/binding-linux-ppc64-gnu@0.41.0':
    resolution: {integrity: sha512-bwzokz2eGvdfJbc0i+zXMJ4BBjQPqg13jyWpEEZDOrBCQ91r8KeY2Mi2kUeuMTZNFXju+jcAbAbpyJxRGla0eg==}
    engines: {node: ^20.19.0 || >=22.12.0}
    cpu: [ppc64]
    os: [linux]

  '@oxfmt/binding-linux-riscv64-gnu@0.41.0':
    resolution: {integrity: sha512-POLM//PCH9uqDeNDwWL3b3DkMmI3oI2cU6hwc2lnztD1o7dzrQs3R9nq555BZ6wI7t2lyhT9CS+CRaz5X0XqLA==}
    engines: {node: ^20.19.0 || >=22.12.0}
    cpu: [riscv64]
    os: [linux]

  '@oxfmt/binding-linux-riscv64-musl@0.41.0':
    resolution: {integrity: sha512-NNK7PzhFqLUwx/G12Xtm6scGv7UITvyGdAR5Y+TlqsG+essnuRWR4jRNODWRjzLZod0T3SayRbnkSIWMBov33w==}
    engines: {node: ^20.19.0 || >=22.12.0}
    cpu: [riscv64]
    os: [linux]

  '@oxfmt/binding-linux-s390x-gnu@0.41.0':
    resolution: {integrity: sha512-qVf/zDC5cN9eKe4qI/O/m445er1IRl6swsSl7jHkqmOSVfknwCe5JXitYjZca+V/cNJSU/xPlC5EFMabMMFDpw==}
    engines: {node: ^20.19.0 || >=22.12.0}
    cpu: [s390x]
    os: [linux]

  '@oxfmt/binding-linux-x64-gnu@0.41.0':
    resolution: {integrity: sha512-ojxYWu7vUb6ysYqVCPHuAPVZHAI40gfZ0PDtZAMwVmh2f0V8ExpPIKoAKr7/8sNbAXJBBpZhs2coypIo2jJX4w==}
    engines: {node: ^20.19.0 || >=22.12.0}
    cpu: [x64]
    os: [linux]

  '@oxfmt/binding-linux-x64-musl@0.41.0':
    resolution: {integrity: sha512-O2exZLBxoCMIv2vlvcbkdedazJPTdG0VSup+0QUCfYQtx751zCZNboX2ZUOiQ/gDTdhtXvSiot0h6GEGkOyalA==}
    engines: {node: ^20.19.0 || >=22.12.0}
    cpu: [x64]
    os: [linux]

  '@oxfmt/binding-openharmony-arm64@0.41.0':
    resolution: {integrity: sha512-N+31/VoL+z+NNBt8viy3I4NaIdPbiYeOnB884LKqvXldaE2dRztdPv3q5ipfZYv0RwFp7JfqS4I27K/DSHCakg==}
    engines: {node: ^20.19.0 || >=22.12.0}
    cpu: [arm64]
    os: [openharmony]

  '@oxfmt/binding-win32-arm64-msvc@0.41.0':
    resolution: {integrity: sha512-Z7NAtu/RN8kjCQ1y5oDD0nTAeRswh3GJ93qwcW51srmidP7XPBmZbLlwERu1W5veCevQJtPS9xmkpcDTYsGIwQ==}
    engines: {node: ^20.19.0 || >=22.12.0}
    cpu: [arm64]
    os: [win32]

  '@oxfmt/binding-win32-ia32-msvc@0.41.0':
    resolution: {integrity: sha512-uNxxP3l4bJ6VyzIeRqCmBU2Q0SkCFgIhvx9/9dJ9V8t/v+jP1IBsuaLwCXGR8JPHtkj4tFp+RHtUmU2ZYAUpMA==}
    engines: {node: ^20.19.0 || >=22.12.0}
    cpu: [ia32]
    os: [win32]

  '@oxfmt/binding-win32-x64-msvc@0.41.0':
    resolution: {integrity: sha512-49ZSpbZ1noozyPapE8SUOSm3IN0Ze4b5nkO+4+7fq6oEYQQJFhE0saj5k/Gg4oewVPdjn0L3ZFeWk2Vehjcw7A==}
    engines: {node: ^20.19.0 || >=22.12.0}
    cpu: [x64]
    os: [win32]

  '@oxlint-tsgolint/darwin-arm64@0.17.0':
    resolution: {integrity: sha512-z3XwCDuOAKgk7bO4y5tyH8Zogwr51G56R0XGKC3tlAbrAq8DecoxAd3qhRZqWBMG2Gzl5bWU3Ghu7lrxuLPzYw==}
    cpu: [arm64]
    os: [darwin]

  '@oxlint-tsgolint/darwin-x64@0.17.0':
    resolution: {integrity: sha512-TZgVXy0MtI8nt0MYiceuZhHPwHcwlIZ/YwzFTAKrgdHiTvVzFbqHVdXi5wbZfT/o1nHGw9fbGWPlb6qKZ4uZ9Q==}
    cpu: [x64]
    os: [darwin]

  '@oxlint-tsgolint/linux-arm64@0.17.0':
    resolution: {integrity: sha512-IDfhFl/Y8bjidCvAP6QAxVyBsl78TmfCHlfjtEv2XtJXgYmIwzv6muO18XMp74SZ2qAyD4y2n2dUedrmghGHeA==}
    cpu: [arm64]
    os: [linux]

  '@oxlint-tsgolint/linux-x64@0.17.0':
    resolution: {integrity: sha512-Bgdgqx/m8EnfjmmlRLEeYy9Yhdt1GdFrMr5mTu/NyLRGkB1C9VLAikdxB7U9QambAGTAmjMbHNFDFk8Vx69Huw==}
    cpu: [x64]
    os: [linux]

  '@oxlint-tsgolint/win32-arm64@0.17.0':
    resolution: {integrity: sha512-dO6wyKMDqFWh1vwr+zNZS7/ovlfGgl4S3P1LDy4CKjP6V6NGtdmEwWkWax8j/I8RzGZdfXKnoUfb/qhVg5bx0w==}
    cpu: [arm64]
    os: [win32]

  '@oxlint-tsgolint/win32-x64@0.17.0':
    resolution: {integrity: sha512-lPGYFp3yX2nh6hLTpIuMnJbZnt3Df42VkoA/fSkMYi2a/LXdDytQGpgZOrb5j47TICARd34RauKm0P3OA4Oxbw==}
    cpu: [x64]
    os: [win32]

  '@oxlint/binding-android-arm-eabi@1.54.0':
    resolution: {integrity: sha512-khWlVXUa4CPvp4eXnj7/TUNeyiarwvTEmZggylPIPUCSWgPqUBFGElIBa9xKNCQt4pb+WSGArCNEAy22ekQQxg==}
    engines: {node: ^20.19.0 || >=22.12.0}
    cpu: [arm]
    os: [android]

  '@oxlint/binding-android-arm64@1.54.0':
    resolution: {integrity: sha512-p3qEVSDVmyducpI9ORTJNbaMyXfICidDXGaf3WwyDyiXPExyZdfc6UsPepGPxImlfFJs5kxOCPqP4ut12Ed9pg==}
    engines: {node: ^20.19.0 || >=22.12.0}
    cpu: [arm64]
    os: [android]

  '@oxlint/binding-darwin-arm64@1.54.0':
    resolution: {integrity: sha512-tUQ+vn/AL2P2Rz6cl3gsFA+4pMBFMRR0e6AVePoezV9iGTSMZUXIf0YWHq203bwNDXcY04vSXDqPB6E1b9WULA==}
    engines: {node: ^20.19.0 || >=22.12.0}
    cpu: [arm64]
    os: [darwin]

  '@oxlint/binding-darwin-x64@1.54.0':
    resolution: {integrity: sha512-9tzH/OLGZCzVGEXW0D3I0OrQOOWciHYWV9mcxjqqQE6f1DMOXT23mWj5/OQtqhW3E1VfHf0uf2MzMbM2gboPlA==}
    engines: {node: ^20.19.0 || >=22.12.0}
    cpu: [x64]
    os: [darwin]

  '@oxlint/binding-freebsd-x64@1.54.0':
    resolution: {integrity: sha512-XelGa+x7vC9epF5JzXWHaQtdxqcL5R+H2WcEkr+JDkfmY3dAXVLa+51qW3+MWt7CZanakaOyhraLzdM32pWFfg==}
    engines: {node: ^20.19.0 || >=22.12.0}
    cpu: [x64]
    os: [freebsd]

  '@oxlint/binding-linux-arm-gnueabihf@1.54.0':
    resolution: {integrity: sha512-t5FubAU899vMF+6rBtxDewkwSAeFn8OUCKb/+jJ1XqPU0FTR+RffnTfXafVE8WXw39eN4pzUK3rkxUWlcsFuaw==}
    engines: {node: ^20.19.0 || >=22.12.0}
    cpu: [arm]
    os: [linux]

  '@oxlint/binding-linux-arm-musleabihf@1.54.0':
    resolution: {integrity: sha512-Du6cwkoMRi9DAgITzQpzS1QaEqE+5BP3Tfgr1yPy3C034n6IHISCwf4KMB+wojg8FE/kYvrJDibT0ENdcR3jUg==}
    engines: {node: ^20.19.0 || >=22.12.0}
    cpu: [arm]
    os: [linux]

  '@oxlint/binding-linux-arm64-gnu@1.54.0':
    resolution: {integrity: sha512-R4PjJ1lfghsVBuAegW79jkvUWbN8P4F28KaKbM72dW6ZWTYMg6M0pkTilXFZ+q/mb8f0MEyR1rO16useoa6KTA==}
    engines: {node: ^20.19.0 || >=22.12.0}
    cpu: [arm64]
    os: [linux]

  '@oxlint/binding-linux-arm64-musl@1.54.0':
    resolution: {integrity: sha512-WBNFe1foIFg6ipgzjzJfDLn7C5nZpLr/UHlnlT7GI3scCD2xpJiJTGMTTpJqA8p0Q1l2NsEnAOj9PtreF0Tkzg==}
    engines: {node: ^20.19.0 || >=22.12.0}
    cpu: [arm64]
    os: [linux]

  '@oxlint/binding-linux-ppc64-gnu@1.54.0':
    resolution: {integrity: sha512-M+UAW76rZHHiYKKy4e7Te5MNikANiFhYWl0qYF1MTIhQczYIqWVDQ+SX0SzW8ipOB/oK3+enOvlvJuhMoA968Q==}
    engines: {node: ^20.19.0 || >=22.12.0}
    cpu: [ppc64]
    os: [linux]

  '@oxlint/binding-linux-riscv64-gnu@1.54.0':
    resolution: {integrity: sha512-sGassljr8TR5F1WCqOaacrp3mYi107MnjkqlSXOMHACps7U2bL4v7M3RY7P7NMcGkNhzRHF3VO5+XyPWhTVM6w==}
    engines: {node: ^20.19.0 || >=22.12.0}
    cpu: [riscv64]
    os: [linux]

  '@oxlint/binding-linux-riscv64-musl@1.54.0':
    resolution: {integrity: sha512-mW5Z6XTO8QWtlUjlf6yjntarjnbrmGVSK/V6XYy2rjH8xUfv9pn9G1vO92DBBBi0eUwnVpcOY3hMkP851WZNWg==}
    engines: {node: ^20.19.0 || >=22.12.0}
    cpu: [riscv64]
    os: [linux]

  '@oxlint/binding-linux-s390x-gnu@1.54.0':
    resolution: {integrity: sha512-nfPmEGW9BfWEUD0PVXGaYa2RS4wVblofNih1gsyUoLSWSyliNisIWd7F+QXrDSL5SJ78BPZjDW6FainV8qRiTg==}
    engines: {node: ^20.19.0 || >=22.12.0}
    cpu: [s390x]
    os: [linux]

  '@oxlint/binding-linux-x64-gnu@1.54.0':
    resolution: {integrity: sha512-gybxMQx4NN1T+pa8TLwgVS4u9H9Hxwm7Sl0qvnQJF2WRhNN1oTOCzkmmCBbW/29DYLeV99WU76zh7srCamK9yw==}
    engines: {node: ^20.19.0 || >=22.12.0}
    cpu: [x64]
    os: [linux]

  '@oxlint/binding-linux-x64-musl@1.54.0':
    resolution: {integrity: sha512-EAXMh2w3pzSj/aiB67kXzcHIoKxAywC1i1IgxA1sLY7iffEaZowDTOJgirY7WxeR/WiiKwak89gPeh9wUdLnIw==}
    engines: {node: ^20.19.0 || >=22.12.0}
    cpu: [x64]
    os: [linux]

  '@oxlint/binding-openharmony-arm64@1.54.0':
    resolution: {integrity: sha512-Ih7CfITkbw86+LjgV5gDwNmNQlvz7X+51gdeLLUDwuA/9lojDxCmRQEzeMl44KStQlwzCuNIcgGMae0MllV5ww==}
    engines: {node: ^20.19.0 || >=22.12.0}
    cpu: [arm64]
    os: [openharmony]

  '@oxlint/binding-win32-arm64-msvc@1.54.0':
    resolution: {integrity: sha512-qGQ8KIEfdgwwJd09Nc0d5hzlHQAM0EMoshMzHG/nNlMAHXrY7RFyat6VbzjflifAFb7LPAw+Yw9AB8cfzR7L8g==}
    engines: {node: ^20.19.0 || >=22.12.0}
    cpu: [arm64]
    os: [win32]

  '@oxlint/binding-win32-ia32-msvc@1.54.0':
    resolution: {integrity: sha512-GXos7N5oZIcIE8hlXgtUkI+y3frIqwiztx9p4+ZrpNgASbnIsxxy8bgLJqXE2SGCAdmtjBO1mdKhGTtVrb1jbg==}
    engines: {node: ^20.19.0 || >=22.12.0}
    cpu: [ia32]
    os: [win32]

  '@oxlint/binding-win32-x64-msvc@1.54.0':
    resolution: {integrity: sha512-DVxSELcI72lmcODuVpO8uXkwuYPiA0hKMhBwNa8fO4+sIVxFvxugf/z6qrL+4PM8RjGWjdl8O/QqzuRWj9b5bA==}
    engines: {node: ^20.19.0 || >=22.12.0}
    cpu: [x64]
    os: [win32]

  '@rolldown/binding-android-arm64@1.0.0-rc.10':
    resolution: {integrity: sha512-jOHxwXhxmFKuXztiu1ORieJeTbx5vrTkcOkkkn2d35726+iwhrY1w/+nYY/AGgF12thg33qC3R1LMBF5tHTZHg==}
    engines: {node: ^20.19.0 || >=22.12.0}
    cpu: [arm64]
    os: [android]

  '@rolldown/binding-darwin-arm64@1.0.0-rc.10':
    resolution: {integrity: sha512-gED05Teg/vtTZbIJBc4VNMAxAFDUPkuO/rAIyyxZjTj1a1/s6z5TII/5yMGZ0uLRCifEtwUQn8OlYzuYc0m70w==}
    engines: {node: ^20.19.0 || >=22.12.0}
    cpu: [arm64]
    os: [darwin]

  '@rolldown/binding-darwin-x64@1.0.0-rc.10':
    resolution: {integrity: sha512-rI15NcM1mA48lqrIxVkHfAqcyFLcQwyXWThy+BQ5+mkKKPvSO26ir+ZDp36AgYoYVkqvMcdS8zOE6SeBsR9e8A==}
    engines: {node: ^20.19.0 || >=22.12.0}
    cpu: [x64]
    os: [darwin]

  '@rolldown/binding-freebsd-x64@1.0.0-rc.10':
    resolution: {integrity: sha512-XZRXHdTa+4ME1MuDVp021+doQ+z6Ei4CCFmNc5/sKbqb8YmkiJdj8QKlV3rCI0AJtAeSB5n0WGPuJWNL9p/L2w==}
    engines: {node: ^20.19.0 || >=22.12.0}
    cpu: [x64]
    os: [freebsd]

  '@rolldown/binding-linux-arm-gnueabihf@1.0.0-rc.10':
    resolution: {integrity: sha512-R0SQMRluISSLzFE20sPWYHVmJdDQnRyc/FzSCN72BqQmh2SOZUFG+N3/vBZpR4C6WpEUVYJLrYUXaj43sJsNLA==}
    engines: {node: ^20.19.0 || >=22.12.0}
    cpu: [arm]
    os: [linux]

  '@rolldown/binding-linux-arm64-gnu@1.0.0-rc.10':
    resolution: {integrity: sha512-Y1reMrV/o+cwpduYhJuOE3OMKx32RMYCidf14y+HssARRmhDuWXJ4yVguDg2R/8SyyGNo+auzz64LnPK9Hq6jg==}
    engines: {node: ^20.19.0 || >=22.12.0}
    cpu: [arm64]
    os: [linux]

  '@rolldown/binding-linux-arm64-musl@1.0.0-rc.10':
    resolution: {integrity: sha512-vELN+HNb2IzuzSBUOD4NHmP9yrGwl1DVM29wlQvx1OLSclL0NgVWnVDKl/8tEks79EFek/kebQKnNJkIAA4W2g==}
    engines: {node: ^20.19.0 || >=22.12.0}
    cpu: [arm64]
    os: [linux]

  '@rolldown/binding-linux-ppc64-gnu@1.0.0-rc.10':
    resolution: {integrity: sha512-ZqrufYTgzxbHwpqOjzSsb0UV/aV2TFIY5rP8HdsiPTv/CuAgCRjM6s9cYFwQ4CNH+hf9Y4erHW1GjZuZ7WoI7w==}
    engines: {node: ^20.19.0 || >=22.12.0}
    cpu: [ppc64]
    os: [linux]

  '@rolldown/binding-linux-s390x-gnu@1.0.0-rc.10':
    resolution: {integrity: sha512-gSlmVS1FZJSRicA6IyjoRoKAFK7IIHBs7xJuHRSmjImqk3mPPWbR7RhbnfH2G6bcmMEllCt2vQ/7u9e6bBnByg==}
    engines: {node: ^20.19.0 || >=22.12.0}
    cpu: [s390x]
    os: [linux]

  '@rolldown/binding-linux-x64-gnu@1.0.0-rc.10':
    resolution: {integrity: sha512-eOCKUpluKgfObT2pHjztnaWEIbUabWzk3qPZ5PuacuPmr4+JtQG4k2vGTY0H15edaTnicgU428XW/IH6AimcQw==}
    engines: {node: ^20.19.0 || >=22.12.0}
    cpu: [x64]
    os: [linux]

  '@rolldown/binding-linux-x64-musl@1.0.0-rc.10':
    resolution: {integrity: sha512-Xdf2jQbfQowJnLcgYfD/m0Uu0Qj5OdxKallD78/IPPfzaiaI4KRAwZzHcKQ4ig1gtg1SuzC7jovNiM2TzQsBXA==}
    engines: {node: ^20.19.0 || >=22.12.0}
    cpu: [x64]
    os: [linux]

  '@rolldown/binding-openharmony-arm64@1.0.0-rc.10':
    resolution: {integrity: sha512-o1hYe8hLi1EY6jgPFyxQgQ1wcycX+qz8eEbVmot2hFkgUzPxy9+kF0u0NIQBeDq+Mko47AkaFFaChcvZa9UX9Q==}
    engines: {node: ^20.19.0 || >=22.12.0}
    cpu: [arm64]
    os: [openharmony]

  '@rolldown/binding-wasm32-wasi@1.0.0-rc.10':
    resolution: {integrity: sha512-Ugv9o7qYJudqQO5Y5y2N2SOo6S4WiqiNOpuQyoPInnhVzCY+wi/GHltcLHypG9DEUYMB0iTB/huJrpadiAcNcA==}
    engines: {node: '>=14.0.0'}
    cpu: [wasm32]

  '@rolldown/binding-win32-arm64-msvc@1.0.0-rc.10':
    resolution: {integrity: sha512-7UODQb4fQUNT/vmgDZBl3XOBAIOutP5R3O/rkxg0aLfEGQ4opbCgU5vOw/scPe4xOqBwL9fw7/RP1vAMZ6QlAQ==}
    engines: {node: ^20.19.0 || >=22.12.0}
    cpu: [arm64]
    os: [win32]

  '@rolldown/binding-win32-x64-msvc@1.0.0-rc.10':
    resolution: {integrity: sha512-PYxKHMVHOb5NJuDL53vBUl1VwUjymDcYI6rzpIni0C9+9mTiJedvUxSk7/RPp7OOAm3v+EjgMu9bIy3N6b408w==}
    engines: {node: ^20.19.0 || >=22.12.0}
    cpu: [x64]
    os: [win32]

  '@rolldown/pluginutils@1.0.0-rc.10':
    resolution: {integrity: sha512-UkVDEFk1w3mveXeKgaTuYfKWtPbvgck1dT8TUG3bnccrH0XtLTuAyfCoks4Q/M5ZGToSVJTIQYCzy2g/atAOeg==}

  '@shina1024/jqx-adapter-core@file:../adapter-core':
    resolution: {directory: ../adapter-core, type: directory}

  '@tybys/wasm-util@0.10.1':
    resolution: {integrity: sha512-9tTaPJLSiejZKx+Bmog4uSubteqTvFrVrURwkmHixBo0G4seD0zUxp98E1DzUBJxLQ3NPwXrGKDiVjwx/DpPsg==}

  '@types/node@25.4.0':
    resolution: {integrity: sha512-9wLpoeWuBlcbBpOY3XmzSTG3oscB6xjBEEtn+pYXTfhyXhIxC5FsBer2KTopBlvKEiW9l13po9fq+SJY/5lkhw==}

  '@typescript/native-preview-darwin-arm64@7.0.0-dev.20260313.1':
    resolution: {integrity: sha512-/fU2IvlRQWOy63xSzkejW7tTQpsL5dQ/ATIsJFlK75vS941CnNJY8dAx3iQYLkHMhS45hhCIR+bbJPRaacq/fw==}
    cpu: [arm64]
    os: [darwin]

  '@typescript/native-preview-darwin-x64@7.0.0-dev.20260313.1':
    resolution: {integrity: sha512-oy7Ew1J3+YtO9QsqVGkncQ8bCwVPxNk8nSO2q1sHLccyYq0f4eDaZTlJ+u9Ynry548NwNucLh9wE+DWfWhzU3Q==}
    cpu: [x64]
    os: [darwin]

  '@typescript/native-preview-linux-arm64@7.0.0-dev.20260313.1':
    resolution: {integrity: sha512-KkbAweTnBpmQ8wCGHjrLzPX+FuwhSrVERNqyGPaq/267Sxt0UwbIO3rZduXlq5UUln1+/z7uT/BNJiuoFW3iLw==}
    cpu: [arm64]
    os: [linux]

  '@typescript/native-preview-linux-arm@7.0.0-dev.20260313.1':
    resolution: {integrity: sha512-IAx0ajfEiL1tJg1N6+/nHXJKebNe72yanY2N5bicwIB3t2BmydnrEPG+/OFVqc+prfJngxSx/61mvkXScZePzg==}
    cpu: [arm]
    os: [linux]

  '@typescript/native-preview-linux-x64@7.0.0-dev.20260313.1':
    resolution: {integrity: sha512-9LCNgXVNoArHlMuL6yFKJxSdshiiadTfW/pU4tz4Vbg+Dg9La1VE9mLlBdijy5ZIg4nsOFpR8JTDURcA1RoHXw==}
    cpu: [x64]
    os: [linux]

  '@typescript/native-preview-win32-arm64@7.0.0-dev.20260313.1':
    resolution: {integrity: sha512-cP2y5hb2xhfEDIgxdhxhPXa/D5Lq3yj6zxVuhh9ZkUariF+ZAmF4pySlIA+7NdprgTQqvNY5Mp70cPUiYD3yUg==}
    cpu: [arm64]
    os: [win32]

  '@typescript/native-preview-win32-x64@7.0.0-dev.20260313.1':
    resolution: {integrity: sha512-8KDfi7U1enFo4z6F0qe4Rd5QzBhk+4cwpZtOGAT9lgyR4pF/mo8zQd0t+Hlkj6d87W057RP8lgCGTGfclGWxUg==}
    cpu: [x64]
    os: [win32]

  '@typescript/native-preview@7.0.0-dev.20260313.1':
    resolution: {integrity: sha512-x+ZrFAEq+c7bF4Ml8+abYZ9vW6mzu22fmcPbDcBmUl/4uGFCYXXww0FS3+me9MfdSOCAPtqcZtwApx1RQO2X/w==}
    hasBin: true

  esbuild@0.27.4:
    resolution: {integrity: sha512-Rq4vbHnYkK5fws5NF7MYTU68FPRE1ajX7heQ/8QXXWqNgqqJ/GkmmyxIzUnf2Sr/bakf8l54716CcMGHYhMrrQ==}
    engines: {node: '>=18'}
    hasBin: true

  expect-type@1.3.0:
    resolution: {integrity: sha512-knvyeauYhqjOYvQ66MznSMs83wmHrCycNEN6Ao+2AeYEfxUIkuiVxdEa1qlGEPK+We3n0THiDciYSsCcgW/DoA==}
    engines: {node: '>=12.0.0'}

  fsevents@2.3.3:
    resolution: {integrity: sha512-5xoDfX+fL7faATnagmWPpbFtwh/R77WmMMqqHGS65C3vvB0YHrgF+B1YmZ3441tMj5n63k0212XNoJwzlhffQw==}
    engines: {node: ^8.16.0 || ^10.6.0 || >=11.0.0}
    os: [darwin]

  get-tsconfig@4.13.6:
    resolution: {integrity: sha512-shZT/QMiSHc/YBLxxOkMtgSid5HFoauqCE3/exfsEcwg1WkeqjG+V40yBbBrsD+jW2HDXcs28xOfcbm2jI8Ddw==}

  oxfmt@0.41.0:
    resolution: {integrity: sha512-sKLdJZdQ3bw6x9qKiT7+eID4MNEXlDHf5ZacfIircrq6Qwjk0L6t2/JQlZZrVHTXJawK3KaMuBoJnEJPcqCEdg==}
    engines: {node: ^20.19.0 || >=22.12.0}
    hasBin: true

  oxlint-tsgolint@0.17.0:
    resolution: {integrity: sha512-TdrKhDZCgEYqONFo/j+KvGan7/k3tP5Ouz88wCqpOvJtI2QmcLfGsm1fcMvDnTik48Jj6z83IJBqlkmK9DnY1A==}
    hasBin: true

  oxlint@1.54.0:
    resolution: {integrity: sha512-ObSjVwf0ZYA5U5Cmelj0PsCuqCJXsm2TxZ40tgUSAY7Wu0lKAsNjor6cgXHXSys8jOwv1ICjtzouoWHdKGHbZg==}
    engines: {node: ^20.19.0 || >=22.12.0}
    hasBin: true
    peerDependencies:
      oxlint-tsgolint: '>=0.15.0'
    peerDependenciesMeta:
      oxlint-tsgolint:
        optional: true

  resolve-pkg-maps@1.0.0:
    resolution: {integrity: sha512-seS2Tj26TBVOC2NIc2rOe2y2ZO7efxITtLZcGSOnHHNOQ7CkiUBfw0Iw2ck6xkIhPwLhKNLS8BO+hEpngQlqzw==}

  rolldown@1.0.0-rc.10:
    resolution: {integrity: sha512-q7j6vvarRFmKpgJUT8HCAUljkgzEp4LAhPlJUvQhA5LA1SUL36s5QCysMutErzL3EbNOZOkoziSx9iZC4FddKA==}
    engines: {node: ^20.19.0 || >=22.12.0}
    hasBin: true

  tinypool@2.1.0:
    resolution: {integrity: sha512-Pugqs6M0m7Lv1I7FtxN4aoyToKg1C4tu+/381vH35y8oENM/Ai7f7C4StcoK4/+BSw9ebcS8jRiVrORFKCALLw==}
    engines: {node: ^20.0.0 || >=22.0.0}

  tslib@2.8.1:
    resolution: {integrity: sha512-oJFu94HQb+KVduSUQL7wnpmqnfmLsOA/nAh6b6EH0wCEoK0/mPeXU6c3wKDV83MkOuHPRHtSXKKU99IBazS/2w==}

  tsx@4.21.0:
    resolution: {integrity: sha512-5C1sg4USs1lfG0GFb2RLXsdpXqBSEhAaA/0kPL01wxzpMqLILNxIxIOKiILz+cdg/pLnOUxFYOR5yhHU666wbw==}
    engines: {node: '>=18.0.0'}
    hasBin: true

  typescript@5.9.3:
    resolution: {integrity: sha512-jl1vZzPDinLr9eUt3J/t7V6FgNEw9QjvBPdysz9KfQDD41fQrC2Y4vKQdiaUpFT4bXlb1RHhLpp8wtm6M5TgSw==}
    engines: {node: '>=14.17'}
    hasBin: true

  undici-types@7.18.2:
    resolution: {integrity: sha512-AsuCzffGHJybSaRrmr5eHr81mwJU3kjw6M+uprWvCXiNeN9SOGwQ3Jn8jb8m3Z6izVgknn1R0FTCEAP2QrLY/w==}

  valibot@1.2.0:
    resolution: {integrity: sha512-mm1rxUsmOxzrwnX5arGS+U4T25RdvpPjPN4yR0u9pUBov9+zGVtO84tif1eY4r6zWxVxu3KzIyknJy3rxfRZZg==}
    peerDependencies:
      typescript: '>=5'
    peerDependenciesMeta:
      typescript:
        optional: true

snapshots:

  '@emnapi/core@1.9.0':
    dependencies:
      '@emnapi/wasi-threads': 1.2.0
      tslib: 2.8.1
    optional: true

  '@emnapi/runtime@1.9.0':
    dependencies:
      tslib: 2.8.1
    optional: true

  '@emnapi/wasi-threads@1.2.0':
    dependencies:
      tslib: 2.8.1
    optional: true

  '@esbuild/aix-ppc64@0.27.4':
    optional: true

  '@esbuild/android-arm64@0.27.4':
    optional: true

  '@esbuild/android-arm@0.27.4':
    optional: true

  '@esbuild/android-x64@0.27.4':
    optional: true

  '@esbuild/darwin-arm64@0.27.4':
    optional: true

  '@esbuild/darwin-x64@0.27.4':
    optional: true

  '@esbuild/freebsd-arm64@0.27.4':
    optional: true

  '@esbuild/freebsd-x64@0.27.4':
    optional: true

  '@esbuild/linux-arm64@0.27.4':
    optional: true

  '@esbuild/linux-arm@0.27.4':
    optional: true

  '@esbuild/linux-ia32@0.27.4':
    optional: true

  '@esbuild/linux-loong64@0.27.4':
    optional: true

  '@esbuild/linux-mips64el@0.27.4':
    optional: true

  '@esbuild/linux-ppc64@0.27.4':
    optional: true

  '@esbuild/linux-riscv64@0.27.4':
    optional: true

  '@esbuild/linux-s390x@0.27.4':
    optional: true

  '@esbuild/linux-x64@0.27.4':
    optional: true

  '@esbuild/netbsd-arm64@0.27.4':
    optional: true

  '@esbuild/netbsd-x64@0.27.4':
    optional: true

  '@esbuild/openbsd-arm64@0.27.4':
    optional: true

  '@esbuild/openbsd-x64@0.27.4':
    optional: true

  '@esbuild/openharmony-arm64@0.27.4':
    optional: true

  '@esbuild/sunos-x64@0.27.4':
    optional: true

  '@esbuild/win32-arm64@0.27.4':
    optional: true

  '@esbuild/win32-ia32@0.27.4':
    optional: true

  '@esbuild/win32-x64@0.27.4':
    optional: true

  '@napi-rs/wasm-runtime@1.1.1':
    dependencies:
      '@emnapi/core': 1.9.0
      '@emnapi/runtime': 1.9.0
      '@tybys/wasm-util': 0.10.1
    optional: true

  '@oxc-project/types@0.120.0': {}

  '@oxfmt/binding-android-arm-eabi@0.41.0':
    optional: true

  '@oxfmt/binding-android-arm64@0.41.0':
    optional: true

  '@oxfmt/binding-darwin-arm64@0.41.0':
    optional: true

  '@oxfmt/binding-darwin-x64@0.41.0':
    optional: true

  '@oxfmt/binding-freebsd-x64@0.41.0':
    optional: true

  '@oxfmt/binding-linux-arm-gnueabihf@0.41.0':
    optional: true

  '@oxfmt/binding-linux-arm-musleabihf@0.41.0':
    optional: true

  '@oxfmt/binding-linux-arm64-gnu@0.41.0':
    optional: true

  '@oxfmt/binding-linux-arm64-musl@0.41.0':
    optional: true

  '@oxfmt/binding-linux-ppc64-gnu@0.41.0':
    optional: true

  '@oxfmt/binding-linux-riscv64-gnu@0.41.0':
    optional: true

  '@oxfmt/binding-linux-riscv64-musl@0.41.0':
    optional: true

  '@oxfmt/binding-linux-s390x-gnu@0.41.0':
    optional: true

  '@oxfmt/binding-linux-x64-gnu@0.41.0':
    optional: true

  '@oxfmt/binding-linux-x64-musl@0.41.0':
    optional: true

  '@oxfmt/binding-openharmony-arm64@0.41.0':
    optional: true

  '@oxfmt/binding-win32-arm64-msvc@0.41.0':
    optional: true

  '@oxfmt/binding-win32-ia32-msvc@0.41.0':
    optional: true

  '@oxfmt/binding-win32-x64-msvc@0.41.0':
    optional: true

  '@oxlint-tsgolint/darwin-arm64@0.17.0':
    optional: true

  '@oxlint-tsgolint/darwin-x64@0.17.0':
    optional: true

  '@oxlint-tsgolint/linux-arm64@0.17.0':
    optional: true

  '@oxlint-tsgolint/linux-x64@0.17.0':
    optional: true

  '@oxlint-tsgolint/win32-arm64@0.17.0':
    optional: true

  '@oxlint-tsgolint/win32-x64@0.17.0':
    optional: true

  '@oxlint/binding-android-arm-eabi@1.54.0':
    optional: true

  '@oxlint/binding-android-arm64@1.54.0':
    optional: true

  '@oxlint/binding-darwin-arm64@1.54.0':
    optional: true

  '@oxlint/binding-darwin-x64@1.54.0':
    optional: true

  '@oxlint/binding-freebsd-x64@1.54.0':
    optional: true

  '@oxlint/binding-linux-arm-gnueabihf@1.54.0':
    optional: true

  '@oxlint/binding-linux-arm-musleabihf@1.54.0':
    optional: true

  '@oxlint/binding-linux-arm64-gnu@1.54.0':
    optional: true

  '@oxlint/binding-linux-arm64-musl@1.54.0':
    optional: true

  '@oxlint/binding-linux-ppc64-gnu@1.54.0':
    optional: true

  '@oxlint/binding-linux-riscv64-gnu@1.54.0':
    optional: true

  '@oxlint/binding-linux-riscv64-musl@1.54.0':
    optional: true

  '@oxlint/binding-linux-s390x-gnu@1.54.0':
    optional: true

  '@oxlint/binding-linux-x64-gnu@1.54.0':
    optional: true

  '@oxlint/binding-linux-x64-musl@1.54.0':
    optional: true

  '@oxlint/binding-openharmony-arm64@1.54.0':
    optional: true

  '@oxlint/binding-win32-arm64-msvc@1.54.0':
    optional: true

  '@oxlint/binding-win32-ia32-msvc@1.54.0':
    optional: true

  '@oxlint/binding-win32-x64-msvc@1.54.0':
    optional: true

  '@rolldown/binding-android-arm64@1.0.0-rc.10':
    optional: true

  '@rolldown/binding-darwin-arm64@1.0.0-rc.10':
    optional: true

  '@rolldown/binding-darwin-x64@1.0.0-rc.10':
    optional: true

  '@rolldown/binding-freebsd-x64@1.0.0-rc.10':
    optional: true

  '@rolldown/binding-linux-arm-gnueabihf@1.0.0-rc.10':
    optional: true

  '@rolldown/binding-linux-arm64-gnu@1.0.0-rc.10':
    optional: true

  '@rolldown/binding-linux-arm64-musl@1.0.0-rc.10':
    optional: true

  '@rolldown/binding-linux-ppc64-gnu@1.0.0-rc.10':
    optional: true

  '@rolldown/binding-linux-s390x-gnu@1.0.0-rc.10':
    optional: true

  '@rolldown/binding-linux-x64-gnu@1.0.0-rc.10':
    optional: true

  '@rolldown/binding-linux-x64-musl@1.0.0-rc.10':
    optional: true

  '@rolldown/binding-openharmony-arm64@1.0.0-rc.10':
    optional: true

  '@rolldown/binding-wasm32-wasi@1.0.0-rc.10':
    dependencies:
      '@napi-rs/wasm-runtime': 1.1.1
    optional: true

  '@rolldown/binding-win32-arm64-msvc@1.0.0-rc.10':
    optional: true

  '@rolldown/binding-win32-x64-msvc@1.0.0-rc.10':
    optional: true

  '@rolldown/pluginutils@1.0.0-rc.10': {}

  '@shina1024/jqx-adapter-core@file:../adapter-core': {}

  '@tybys/wasm-util@0.10.1':
    dependencies:
      tslib: 2.8.1
    optional: true

  '@types/node@25.4.0':
    dependencies:
      undici-types: 7.18.2

  '@typescript/native-preview-darwin-arm64@7.0.0-dev.20260313.1':
    optional: true

  '@typescript/native-preview-darwin-x64@7.0.0-dev.20260313.1':
    optional: true

  '@typescript/native-preview-linux-arm64@7.0.0-dev.20260313.1':
    optional: true

  '@typescript/native-preview-linux-arm@7.0.0-dev.20260313.1':
    optional: true

  '@typescript/native-preview-linux-x64@7.0.0-dev.20260313.1':
    optional: true

  '@typescript/native-preview-win32-arm64@7.0.0-dev.20260313.1':
    optional: true

  '@typescript/native-preview-win32-x64@7.0.0-dev.20260313.1':
    optional: true

  '@typescript/native-preview@7.0.0-dev.20260313.1':
    optionalDependencies:
      '@typescript/native-preview-darwin-arm64': 7.0.0-dev.20260313.1
      '@typescript/native-preview-darwin-x64': 7.0.0-dev.20260313.1
      '@typescript/native-preview-linux-arm': 7.0.0-dev.20260313.1
      '@typescript/native-preview-linux-arm64': 7.0.0-dev.20260313.1
      '@typescript/native-preview-linux-x64': 7.0.0-dev.20260313.1
      '@typescript/native-preview-win32-arm64': 7.0.0-dev.20260313.1
      '@typescript/native-preview-win32-x64': 7.0.0-dev.20260313.1

  esbuild@0.27.4:
    optionalDependencies:
      '@esbuild/aix-ppc64': 0.27.4
      '@esbuild/android-arm': 0.27.4
      '@esbuild/android-arm64': 0.27.4
      '@esbuild/android-x64': 0.27.4
      '@esbuild/darwin-arm64': 0.27.4
      '@esbuild/darwin-x64': 0.27.4
      '@esbuild/freebsd-arm64': 0.27.4
      '@esbuild/freebsd-x64': 0.27.4
      '@esbuild/linux-arm': 0.27.4
      '@esbuild/linux-arm64': 0.27.4
      '@esbuild/linux-ia32': 0.27.4
      '@esbuild/linux-loong64': 0.27.4
      '@esbuild/linux-mips64el': 0.27.4
      '@esbuild/linux-ppc64': 0.27.4
      '@esbuild/linux-riscv64': 0.27.4
      '@esbuild/linux-s390x': 0.27.4
      '@esbuild/linux-x64': 0.27.4
      '@esbuild/netbsd-arm64': 0.27.4
      '@esbuild/netbsd-x64': 0.27.4
      '@esbuild/openbsd-arm64': 0.27.4
      '@esbuild/openbsd-x64': 0.27.4
      '@esbuild/openharmony-arm64': 0.27.4
      '@esbuild/sunos-x64': 0.27.4
      '@esbuild/win32-arm64': 0.27.4
      '@esbuild/win32-ia32': 0.27.4
      '@esbuild/win32-x64': 0.27.4

  expect-type@1.3.0: {}

  fsevents@2.3.3:
    optional: true

  get-tsconfig@4.13.6:
    dependencies:
      resolve-pkg-maps: 1.0.0

  oxfmt@0.41.0:
    dependencies:
      tinypool: 2.1.0
    optionalDependencies:
      '@oxfmt/binding-android-arm-eabi': 0.41.0
      '@oxfmt/binding-android-arm64': 0.41.0
      '@oxfmt/binding-darwin-arm64': 0.41.0
      '@oxfmt/binding-darwin-x64': 0.41.0
      '@oxfmt/binding-freebsd-x64': 0.41.0
      '@oxfmt/binding-linux-arm-gnueabihf': 0.41.0
      '@oxfmt/binding-linux-arm-musleabihf': 0.41.0
      '@oxfmt/binding-linux-arm64-gnu': 0.41.0
      '@oxfmt/binding-linux-arm64-musl': 0.41.0
      '@oxfmt/binding-linux-ppc64-gnu': 0.41.0
      '@oxfmt/binding-linux-riscv64-gnu': 0.41.0
      '@oxfmt/binding-linux-riscv64-musl': 0.41.0
      '@oxfmt/binding-linux-s390x-gnu': 0.41.0
      '@oxfmt/binding-linux-x64-gnu': 0.41.0
      '@oxfmt/binding-linux-x64-musl': 0.41.0
      '@oxfmt/binding-openharmony-arm64': 0.41.0
      '@oxfmt/binding-win32-arm64-msvc': 0.41.0
      '@oxfmt/binding-win32-ia32-msvc': 0.41.0
      '@oxfmt/binding-win32-x64-msvc': 0.41.0

  oxlint-tsgolint@0.17.0:
    optionalDependencies:
      '@oxlint-tsgolint/darwin-arm64': 0.17.0
      '@oxlint-tsgolint/darwin-x64': 0.17.0
      '@oxlint-tsgolint/linux-arm64': 0.17.0
      '@oxlint-tsgolint/linux-x64': 0.17.0
      '@oxlint-tsgolint/win32-arm64': 0.17.0
      '@oxlint-tsgolint/win32-x64': 0.17.0

  oxlint@1.54.0(oxlint-tsgolint@0.17.0):
    optionalDependencies:
      '@oxlint/binding-android-arm-eabi': 1.54.0
      '@oxlint/binding-android-arm64': 1.54.0
      '@oxlint/binding-darwin-arm64': 1.54.0
      '@oxlint/binding-darwin-x64': 1.54.0
      '@oxlint/binding-freebsd-x64': 1.54.0
      '@oxlint/binding-linux-arm-gnueabihf': 1.54.0
      '@oxlint/binding-linux-arm-musleabihf': 1.54.0
      '@oxlint/binding-linux-arm64-gnu': 1.54.0
      '@oxlint/binding-linux-arm64-musl': 1.54.0
      '@oxlint/binding-linux-ppc64-gnu': 1.54.0
      '@oxlint/binding-linux-riscv64-gnu': 1.54.0
      '@oxlint/binding-linux-riscv64-musl': 1.54.0
      '@oxlint/binding-linux-s390x-gnu': 1.54.0
      '@oxlint/binding-linux-x64-gnu': 1.54.0
      '@oxlint/binding-linux-x64-musl': 1.54.0
      '@oxlint/binding-openharmony-arm64': 1.54.0
      '@oxlint/binding-win32-arm64-msvc': 1.54.0
      '@oxlint/binding-win32-ia32-msvc': 1.54.0
      '@oxlint/binding-win32-x64-msvc': 1.54.0
      oxlint-tsgolint: 0.17.0

  resolve-pkg-maps@1.0.0: {}

  rolldown@1.0.0-rc.10:
    dependencies:
      '@oxc-project/types': 0.120.0
      '@rolldown/pluginutils': 1.0.0-rc.10
    optionalDependencies:
      '@rolldown/binding-android-arm64': 1.0.0-rc.10
      '@rolldown/binding-darwin-arm64': 1.0.0-rc.10
      '@rolldown/binding-darwin-x64': 1.0.0-rc.10
      '@rolldown/binding-freebsd-x64': 1.0.0-rc.10
      '@rolldown/binding-linux-arm-gnueabihf': 1.0.0-rc.10
      '@rolldown/binding-linux-arm64-gnu': 1.0.0-rc.10
      '@rolldown/binding-linux-arm64-musl': 1.0.0-rc.10
      '@rolldown/binding-linux-ppc64-gnu': 1.0.0-rc.10
      '@rolldown/binding-linux-s390x-gnu': 1.0.0-rc.10
      '@rolldown/binding-linux-x64-gnu': 1.0.0-rc.10
      '@rolldown/binding-linux-x64-musl': 1.0.0-rc.10
      '@rolldown/binding-openharmony-arm64': 1.0.0-rc.10
      '@rolldown/binding-wasm32-wasi': 1.0.0-rc.10
      '@rolldown/binding-win32-arm64-msvc': 1.0.0-rc.10
      '@rolldown/binding-win32-x64-msvc': 1.0.0-rc.10

  tinypool@2.1.0: {}

  tslib@2.8.1:
    optional: true

  tsx@4.21.0:
    dependencies:
      esbuild: 0.27.4
      get-tsconfig: 4.13.6
    optionalDependencies:
      fsevents: 2.3.3

  typescript@5.9.3:
    optional: true

  undici-types@7.18.2: {}

  valibot@1.2.0(typescript@5.9.3):
    optionalDependencies:
      typescript: 5.9.3
